
Microsoft Visual Studio Solution File, Format Version 12.00
# Visual Studio Version 17
VisualStudioVersion = 17.12.35527.113
MinimumVisualStudioVersion = 10.0.40219.1
Project("{FAE04EC0-301F-11D3-BF4B-00C04F79EFBC}") = "eVote360App", "eVote360\eVote360App.csproj", "{3998BE36-FED0-413C-B693-DF5CB6566EDD}"
EndProject
Project("{2150E333-8FDC-42A3-9474-1A3956D46DE8}") = "Core", "Core", "{099B132F-644C-475B-AB42-F1803A7ADA39}"
EndProject
Project("{2150E333-8FDC-42A3-9474-1A3956D46DE8}") = "Source", "Source", "{1E3DD55C-1DEA-4E48-8F7C-3ED617A5093D}"
EndProject
Project("{2150E333-8FDC-42A3-9474-1A3956D46DE8}") = "Infraestructure", "Infraestructure", "{2A8DE4C5-C798-4EFC-BBDB-DE460AE459C9}"
EndProject
Project("{2150E333-8FDC-42A3-9474-1A3956D46DE8}") = "Presentation", "Presentation", "{C415F3B6-4F04-4F8C-BEB3-627FDC503BA0}"
EndProject
Project("{FAE04EC0-301F-11D3-BF4B-00C04F79EFBC}") = "eVote360App.Core.Domain", "eVote360App.Core.Domain\eVote360App.Core.Domain.csproj", "{0FEB2517-04C6-41DD-A21F-F18C26B18547}"
EndProject
Project("{FAE04EC0-301F-11D3-BF4B-00C04F79EFBC}") = "eVote360App.Core.Application", "eVote360App.Core.Application\eVote360App.Core.Application.csproj", "{7D2F559D-3BFA-4569-8299-F61EAF5148A0}"
EndProject
Project("{FAE04EC0-301F-11D3-BF4B-00C04F79EFBC}") = "eVote360App.Infraestructure.Persistence", "eVote360.Infraestructure.Persistence\eVote360App.Infraestructure.Persistence.csproj", "{BEB6B9F8-B222-4DD1-B829-4A2D58EC826B}"
EndProject
Project("{2150E333-8FDC-42A3-9474-1A3956D46DE8}") = "WebApp", "WebApp", "{A32315F3-43E3-46A2-A290-595B4D7B1E40}"
EndProject
Project("{FAE04EC0-301F-11D3-BF4B-00C04F79EFBC}") = "eVote360App.Infraestructure.Shared", "eVote360App.Infraestructure.Shared\eVote360App.Infraestructure.Shared.csproj", "{79C1CDCA-71D3-413A-847A-04914FE74A20}"
EndProject
Global
	GlobalSection(SolutionConfigurationPlatforms) = preSolution
		Debug|Any CPU = Debug|Any CPU
		Release|Any CPU = Release|Any CPU
	EndGlobalSection
	GlobalSection(ProjectConfigurationPlatforms) = postSolution
		{3998BE36-FED0-413C-B693-DF5CB6566EDD}.Debug|Any CPU.ActiveCfg = Debug|Any CPU
		{3998BE36-FED0-413C-B693-DF5CB6566EDD}.Debug|Any CPU.Build.0 = Debug|Any CPU
		{3998BE36-FED0-413C-B693-DF5CB6566EDD}.Release|Any CPU.ActiveCfg = Release|Any CPU
		{3998BE36-FED0-413C-B693-DF5CB6566EDD}.Release|Any CPU.Build.0 = Release|Any CPU
		{0FEB2517-04C6-41DD-A21F-F18C26B18547}.Debug|Any CPU.ActiveCfg = Debug|Any CPU
		{0FEB2517-04C6-41DD-A21F-F18C26B18547}.Debug|Any CPU.Build.0 = Debug|Any CPU
		{0FEB2517-04C6-41DD-A21F-F18C26B18547}.Release|Any CPU.ActiveCfg = Release|Any CPU
		{0FEB2517-04C6-41DD-A21F-F18C26B18547}.Release|Any CPU.Build.0 = Release|Any CPU
		{7D2F559D-3BFA-4569-8299-F61EAF5148A0}.Debug|Any CPU.ActiveCfg = Debug|Any CPU
		{7D2F559D-3BFA-4569-8299-F61EAF5148A0}.Debug|Any CPU.Build.0 = Debug|Any CPU
		{7D2F559D-3BFA-4569-8299-F61EAF5148A0}.Release|Any CPU.ActiveCfg = Release|Any CPU
		{7D2F559D-3BFA-4569-8299-F61EAF5148A0}.Release|Any CPU.Build.0 = Release|Any CPU
		{BEB6B9F8-B222-4DD1-B829-4A2D58EC826B}.Debug|Any CPU.ActiveCfg = Debug|Any CPU
		{BEB6B9F8-B222-4DD1-B829-4A2D58EC826B}.Debug|Any CPU.Build.0 = Debug|Any CPU
		{BEB6B9F8-B222-4DD1-B829-4A2D58EC826B}.Release|Any CPU.ActiveCfg = Release|Any CPU
		{BEB6B9F8-B222-4DD1-B829-4A2D58EC826B}.Release|Any CPU.Build.0 = Release|Any CPU
		{79C1CDCA-71D3-413A-847A-04914FE74A20}.Debug|Any CPU.ActiveCfg = Debug|Any CPU
		{79C1CDCA-71D3-413A-847A-04914FE74A20}.Debug|Any CPU.Build.0 = Debug|Any CPU
		{79C1CDCA-71D3-413A-847A-04914FE74A20}.Release|Any CPU.ActiveCfg = Release|Any CPU
		{79C1CDCA-71D3-413A-847A-04914FE74A20}.Release|Any CPU.Build.0 = Release|Any CPU
	EndGlobalSection
	GlobalSection(SolutionProperties) = preSolution
		HideSolutionNode = FALSE
	EndGlobalSection
	GlobalSection(NestedProjects) = preSolution
		{3998BE36-FED0-413C-B693-DF5CB6566EDD} = {A32315F3-43E3-46A2-A290-595B4D7B1E40}
		{099B132F-644C-475B-AB42-F1803A7ADA39} = {1E3DD55C-1DEA-4E48-8F7C-3ED617A5093D}
		{2A8DE4C5-C798-4EFC-BBDB-DE460AE459C9} = {1E3DD55C-1DEA-4E48-8F7C-3ED617A5093D}
		{C415F3B6-4F04-4F8C-BEB3-627FDC503BA0} = {1E3DD55C-1DEA-4E48-8F7C-3ED617A5093D}
		{0FEB2517-04C6-41DD-A21F-F18C26B18547} = {099B132F-644C-475B-AB42-F1803A7ADA39}
		{7D2F559D-3BFA-4569-8299-F61EAF5148A0} = {099B132F-644C-475B-AB42-F1803A7ADA39}
		{BEB6B9F8-B222-4DD1-B829-4A2D58EC826B} = {2A8DE4C5-C798-4EFC-BBDB-DE460AE459C9}
		{A32315F3-43E3-46A2-A290-595B4D7B1E40} = {C415F3B6-4F04-4F8C-BEB3-627FDC503BA0}
		{79C1CDCA-71D3-413A-847A-04914FE74A20} = {2A8DE4C5-C798-4EFC-BBDB-DE460AE459C9}
	EndGlobalSection
EndGlobal
